
Microsoft Visual Studio Solution File, Format Version 12.00
# Visual Studio Version 16
VisualStudioVersion = 16.0.30128.74
MinimumVisualStudioVersion = 10.0.40219.1
Project("{FAE04EC0-301F-11D3-BF4B-00C04F79EFBC}") = "OptionsManager", "OptionsManager.csproj", "{934FD4AE-121F-4842-87B2-FEFA27EEDEE9}"
EndProject
Global
	GlobalSection(SolutionConfigurationPlatforms) = preSolution
		Debug|Any CPU = Debug|Any CPU
		Release|Any CPU = Release|Any CPU
	EndGlobalSection
	GlobalSection(ProjectConfigurationPlatforms) = postSolution
		{934FD4AE-121F-4842-87B2-FEFA27EEDEE9}.Debug|Any CPU.ActiveCfg = Debug|Any CPU
		{934FD4AE-121F-4842-87B2-FEFA27EEDEE9}.Debug|Any CPU.Build.0 = Debug|Any CPU
		{934FD4AE-121F-4842-87B2-FEFA27EEDEE9}.Release|Any CPU.ActiveCfg = Release|Any CPU
		{934FD4AE-121F-4842-87B2-FEFA27EEDEE9}.Release|Any CPU.Build.0 = Release|Any CPU
	EndGlobalSection
	GlobalSection(SolutionProperties) = preSolution
		HideSolutionNode = FALSE
	EndGlobalSection
	GlobalSection(ExtensibilityGlobals) = postSolution
		SolutionGuid = {98E77A35-E3BD-4360-801E-52E1B07DD6B9}
	EndGlobalSection
EndGlobal
