
Microsoft Visual Studio Solution File, Format Version 12.00
# Visual Studio Version 16
VisualStudioVersion = 16.0.29920.165
MinimumVisualStudioVersion = 10.0.40219.1
Project("{FAE04EC0-301F-11D3-BF4B-00C04F79EFBC}") = "seventh", "seventh\seventh.csproj", "{4349A9E9-4838-4A07-BDA3-6F0D1A5A4A9B}"
EndProject
Global
	GlobalSection(SolutionConfigurationPlatforms) = preSolution
		Debug|Any CPU = Debug|Any CPU
		Release|Any CPU = Release|Any CPU
	EndGlobalSection
	GlobalSection(ProjectConfigurationPlatforms) = postSolution
		{4349A9E9-4838-4A07-BDA3-6F0D1A5A4A9B}.Debug|Any CPU.ActiveCfg = Debug|Any CPU
		{4349A9E9-4838-4A07-BDA3-6F0D1A5A4A9B}.Debug|Any CPU.Build.0 = Debug|Any CPU
		{4349A9E9-4838-4A07-BDA3-6F0D1A5A4A9B}.Release|Any CPU.ActiveCfg = Release|Any CPU
		{4349A9E9-4838-4A07-BDA3-6F0D1A5A4A9B}.Release|Any CPU.Build.0 = Release|Any CPU
	EndGlobalSection
	GlobalSection(SolutionProperties) = preSolution
		HideSolutionNode = FALSE
	EndGlobalSection
	GlobalSection(ExtensibilityGlobals) = postSolution
		SolutionGuid = {FB85E072-EC00-4D65-92DF-1AB4CBEA68E7}
	EndGlobalSection
EndGlobal
