
Microsoft Visual Studio Solution File, Format Version 12.00
# Visual Studio Version 16
VisualStudioVersion = 16.0.29920.165
MinimumVisualStudioVersion = 10.0.40219.1
Project("{FAE04EC0-301F-11D3-BF4B-00C04F79EFBC}") = "Calculator", "Calculator\Calculator.csproj", "{854171F7-12DA-4FAA-8CA8-B2AA1FBC6551}"
EndProject
Global
	GlobalSection(SolutionConfigurationPlatforms) = preSolution
		Debug|Any CPU = Debug|Any CPU
		Release|Any CPU = Release|Any CPU
	EndGlobalSection
	GlobalSection(ProjectConfigurationPlatforms) = postSolution
		{854171F7-12DA-4FAA-8CA8-B2AA1FBC6551}.Debug|Any CPU.ActiveCfg = Debug|Any CPU
		{854171F7-12DA-4FAA-8CA8-B2AA1FBC6551}.Debug|Any CPU.Build.0 = Debug|Any CPU
		{854171F7-12DA-4FAA-8CA8-B2AA1FBC6551}.Release|Any CPU.ActiveCfg = Release|Any CPU
		{854171F7-12DA-4FAA-8CA8-B2AA1FBC6551}.Release|Any CPU.Build.0 = Release|Any CPU
	EndGlobalSection
	GlobalSection(SolutionProperties) = preSolution
		HideSolutionNode = FALSE
	EndGlobalSection
	GlobalSection(ExtensibilityGlobals) = postSolution
		SolutionGuid = {5F37736A-FDD0-4581-9304-A247CE95BD53}
	EndGlobalSection
EndGlobal
