
Microsoft Visual Studio Solution File, Format Version 12.00
# Visual Studio Version 16
VisualStudioVersion = 16.0.29920.165
MinimumVisualStudioVersion = 10.0.40219.1
Project("{FAE04EC0-301F-11D3-BF4B-00C04F79EFBC}") = "task_3", "task_3\task_3.csproj", "{5DFBF906-B5B3-4D0F-848B-A1570627213A}"
EndProject
Global
	GlobalSection(SolutionConfigurationPlatforms) = preSolution
		Debug|Any CPU = Debug|Any CPU
		Release|Any CPU = Release|Any CPU
	EndGlobalSection
	GlobalSection(ProjectConfigurationPlatforms) = postSolution
		{5DFBF906-B5B3-4D0F-848B-A1570627213A}.Debug|Any CPU.ActiveCfg = Debug|Any CPU
		{5DFBF906-B5B3-4D0F-848B-A1570627213A}.Debug|Any CPU.Build.0 = Debug|Any CPU
		{5DFBF906-B5B3-4D0F-848B-A1570627213A}.Release|Any CPU.ActiveCfg = Release|Any CPU
		{5DFBF906-B5B3-4D0F-848B-A1570627213A}.Release|Any CPU.Build.0 = Release|Any CPU
	EndGlobalSection
	GlobalSection(SolutionProperties) = preSolution
		HideSolutionNode = FALSE
	EndGlobalSection
	GlobalSection(ExtensibilityGlobals) = postSolution
		SolutionGuid = {DE425357-25A7-4D47-A55A-D8C51BFBD40A}
	EndGlobalSection
EndGlobal
