
Microsoft Visual Studio Solution File, Format Version 12.00
# Visual Studio Version 16
VisualStudioVersion = 16.0.29920.165
MinimumVisualStudioVersion = 10.0.40219.1
Project("{FAE04EC0-301F-11D3-BF4B-00C04F79EFBC}") = "first", "first\first.csproj", "{FB35A3B0-8B19-434F-B2F6-008BEA5018EF}"
EndProject
Global
	GlobalSection(SolutionConfigurationPlatforms) = preSolution
		Debug|Any CPU = Debug|Any CPU
		Release|Any CPU = Release|Any CPU
	EndGlobalSection
	GlobalSection(ProjectConfigurationPlatforms) = postSolution
		{FB35A3B0-8B19-434F-B2F6-008BEA5018EF}.Debug|Any CPU.ActiveCfg = Debug|Any CPU
		{FB35A3B0-8B19-434F-B2F6-008BEA5018EF}.Debug|Any CPU.Build.0 = Debug|Any CPU
		{FB35A3B0-8B19-434F-B2F6-008BEA5018EF}.Release|Any CPU.ActiveCfg = Release|Any CPU
		{FB35A3B0-8B19-434F-B2F6-008BEA5018EF}.Release|Any CPU.Build.0 = Release|Any CPU
	EndGlobalSection
	GlobalSection(SolutionProperties) = preSolution
		HideSolutionNode = FALSE
	EndGlobalSection
	GlobalSection(ExtensibilityGlobals) = postSolution
		SolutionGuid = {064BE4C1-074A-4FCA-A36F-F78717163426}
	EndGlobalSection
EndGlobal
