
Microsoft Visual Studio Solution File, Format Version 12.00
# Visual Studio Version 16
VisualStudioVersion = 16.0.30128.74
MinimumVisualStudioVersion = 10.0.40219.1
Project("{FAE04EC0-301F-11D3-BF4B-00C04F79EFBC}") = "FileManager", "FileManager.csproj", "{D4EEEBBC-85D7-4A72-B384-3AD55FFAA0F9}"
EndProject
Global
	GlobalSection(SolutionConfigurationPlatforms) = preSolution
		Debug|Any CPU = Debug|Any CPU
		Release|Any CPU = Release|Any CPU
	EndGlobalSection
	GlobalSection(ProjectConfigurationPlatforms) = postSolution
		{D4EEEBBC-85D7-4A72-B384-3AD55FFAA0F9}.Debug|Any CPU.ActiveCfg = Debug|Any CPU
		{D4EEEBBC-85D7-4A72-B384-3AD55FFAA0F9}.Debug|Any CPU.Build.0 = Debug|Any CPU
		{D4EEEBBC-85D7-4A72-B384-3AD55FFAA0F9}.Release|Any CPU.ActiveCfg = Release|Any CPU
		{D4EEEBBC-85D7-4A72-B384-3AD55FFAA0F9}.Release|Any CPU.Build.0 = Release|Any CPU
	EndGlobalSection
	GlobalSection(SolutionProperties) = preSolution
		HideSolutionNode = FALSE
	EndGlobalSection
	GlobalSection(ExtensibilityGlobals) = postSolution
		SolutionGuid = {0ADED3F3-1532-45BD-BA3C-CDFE46E3FC9F}
	EndGlobalSection
EndGlobal
