
Microsoft Visual Studio Solution File, Format Version 12.00
# Visual Studio Version 16
VisualStudioVersion = 16.0.30128.74
MinimumVisualStudioVersion = 10.0.40219.1
Project("{FAE04EC0-301F-11D3-BF4B-00C04F79EFBC}") = "Parser", "Parser.csproj", "{D8A693D0-3D57-4AA6-9E39-93282EBEC9D4}"
EndProject
Global
	GlobalSection(SolutionConfigurationPlatforms) = preSolution
		Debug|Any CPU = Debug|Any CPU
		Release|Any CPU = Release|Any CPU
	EndGlobalSection
	GlobalSection(ProjectConfigurationPlatforms) = postSolution
		{D8A693D0-3D57-4AA6-9E39-93282EBEC9D4}.Debug|Any CPU.ActiveCfg = Debug|Any CPU
		{D8A693D0-3D57-4AA6-9E39-93282EBEC9D4}.Debug|Any CPU.Build.0 = Debug|Any CPU
		{D8A693D0-3D57-4AA6-9E39-93282EBEC9D4}.Release|Any CPU.ActiveCfg = Release|Any CPU
		{D8A693D0-3D57-4AA6-9E39-93282EBEC9D4}.Release|Any CPU.Build.0 = Release|Any CPU
	EndGlobalSection
	GlobalSection(SolutionProperties) = preSolution
		HideSolutionNode = FALSE
	EndGlobalSection
	GlobalSection(ExtensibilityGlobals) = postSolution
		SolutionGuid = {8DC00F04-6E5B-4571-B55E-263DC8C9748C}
	EndGlobalSection
EndGlobal
